
Microsoft Visual Studio Solution File, Format Version 12.00
# Visual Studio Version 16
VisualStudioVersion = 16.0.31729.503
MinimumVisualStudioVersion = 10.0.40219.1
Project("{9A19103F-16F7-4668-BE54-9A1E7A4F7556}") = "ParallelFramework", "ParallelFramework\ParallelFramework.csproj", "{54A3786E-F222-4E08-95C8-5995A6BEEAEE}"
EndProject
Global
	GlobalSection(SolutionConfigurationPlatforms) = preSolution
		Debug|Any CPU = Debug|Any CPU
		Release|Any CPU = Release|Any CPU
	EndGlobalSection
	GlobalSection(ProjectConfigurationPlatforms) = postSolution
		{54A3786E-F222-4E08-95C8-5995A6BEEAEE}.Debug|Any CPU.ActiveCfg = Debug|Any CPU
		{54A3786E-F222-4E08-95C8-5995A6BEEAEE}.Debug|Any CPU.Build.0 = Debug|Any CPU
		{54A3786E-F222-4E08-95C8-5995A6BEEAEE}.Release|Any CPU.ActiveCfg = Release|Any CPU
		{54A3786E-F222-4E08-95C8-5995A6BEEAEE}.Release|Any CPU.Build.0 = Release|Any CPU
	EndGlobalSection
	GlobalSection(SolutionProperties) = preSolution
		HideSolutionNode = FALSE
	EndGlobalSection
	GlobalSection(ExtensibilityGlobals) = postSolution
		SolutionGuid = {CDEC0F39-7729-45C6-B167-A186D87A565D}
	EndGlobalSection
EndGlobal
